
Microsoft Visual Studio Solution File, Format Version 12.00
# Visual Studio 15
Project("{FAE04EC0-301F-11D3-BF4B-00C04F79EFBC}") = "SelectionStatements_SwitchandCase", "SelectionStatements_SwitchandCase\SelectionStatements_SwitchandCase.csproj", "{6EA7ED26-73FA-48D8-95B6-AAB84107159A}"
EndProject
Global
	GlobalSection(SolutionConfigurationPlatforms) = preSolution
		Debug|Any CPU = Debug|Any CPU
		Release|Any CPU = Release|Any CPU
	EndGlobalSection
	GlobalSection(ProjectConfigurationPlatforms) = postSolution
		{6EA7ED26-73FA-48D8-95B6-AAB84107159A}.Debug|Any CPU.ActiveCfg = Debug|Any CPU
		{6EA7ED26-73FA-48D8-95B6-AAB84107159A}.Debug|Any CPU.Build.0 = Debug|Any CPU
		{6EA7ED26-73FA-48D8-95B6-AAB84107159A}.Release|Any CPU.ActiveCfg = Release|Any CPU
		{6EA7ED26-73FA-48D8-95B6-AAB84107159A}.Release|Any CPU.Build.0 = Release|Any CPU
	EndGlobalSection
EndGlobal
